
Microsoft Visual Studio Solution File, Format Version 12.00
# Visual Studio Version 16
VisualStudioVersion = 16.0.29230.47
MinimumVisualStudioVersion = 10.0.40219.1
Project("{FAE04EC0-301F-11D3-BF4B-00C04F79EFBC}") = "Centric4200Team12", "Centric4200Team12.csproj", "{50AFD806-B999-4A47-84D1-59F1AC10B2A7}"
EndProject
Global
	GlobalSection(SolutionConfigurationPlatforms) = preSolution
		Debug|Any CPU = Debug|Any CPU
		Release|Any CPU = Release|Any CPU
	EndGlobalSection
	GlobalSection(ProjectConfigurationPlatforms) = postSolution
		{50AFD806-B999-4A47-84D1-59F1AC10B2A7}.Debug|Any CPU.ActiveCfg = Debug|Any CPU
		{50AFD806-B999-4A47-84D1-59F1AC10B2A7}.Debug|Any CPU.Build.0 = Debug|Any CPU
		{50AFD806-B999-4A47-84D1-59F1AC10B2A7}.Release|Any CPU.ActiveCfg = Release|Any CPU
		{50AFD806-B999-4A47-84D1-59F1AC10B2A7}.Release|Any CPU.Build.0 = Release|Any CPU
	EndGlobalSection
	GlobalSection(SolutionProperties) = preSolution
		HideSolutionNode = FALSE
	EndGlobalSection
	GlobalSection(ExtensibilityGlobals) = postSolution
		SolutionGuid = {5D786309-6B30-4110-8C82-9C6D995CEEAD}
	EndGlobalSection
EndGlobal
